
Microsoft Visual Studio Solution File, Format Version 12.00
# Visual Studio 15
VisualStudioVersion = 15.0.28307.136
MinimumVisualStudioVersion = 10.0.40219.1
Project("{FAE04EC0-301F-11D3-BF4B-00C04F79EFBC}") = "XAMLTest.Android", "XAMLTest\XAMLTest.Android\XAMLTest.Android.csproj", "{2F651B63-F446-4AF1-951A-DC2D7BC779AF}"
EndProject
Project("{9A19103F-16F7-4668-BE54-9A1E7A4F7556}") = "XAMLTest", "XAMLTest\XAMLTest\XAMLTest.csproj", "{6FECFA27-245A-433F-8DE2-491D68400FA7}"
EndProject
Global
	GlobalSection(SolutionConfigurationPlatforms) = preSolution
		Debug|Any CPU = Debug|Any CPU
		Release|Any CPU = Release|Any CPU
	EndGlobalSection
	GlobalSection(ProjectConfigurationPlatforms) = postSolution
		{2F651B63-F446-4AF1-951A-DC2D7BC779AF}.Debug|Any CPU.ActiveCfg = Debug|Any CPU
		{2F651B63-F446-4AF1-951A-DC2D7BC779AF}.Debug|Any CPU.Build.0 = Debug|Any CPU
		{2F651B63-F446-4AF1-951A-DC2D7BC779AF}.Debug|Any CPU.Deploy.0 = Debug|Any CPU
		{2F651B63-F446-4AF1-951A-DC2D7BC779AF}.Release|Any CPU.ActiveCfg = Release|Any CPU
		{2F651B63-F446-4AF1-951A-DC2D7BC779AF}.Release|Any CPU.Build.0 = Release|Any CPU
		{2F651B63-F446-4AF1-951A-DC2D7BC779AF}.Release|Any CPU.Deploy.0 = Release|Any CPU
		{6FECFA27-245A-433F-8DE2-491D68400FA7}.Debug|Any CPU.ActiveCfg = Debug|Any CPU
		{6FECFA27-245A-433F-8DE2-491D68400FA7}.Debug|Any CPU.Build.0 = Debug|Any CPU
		{6FECFA27-245A-433F-8DE2-491D68400FA7}.Release|Any CPU.ActiveCfg = Release|Any CPU
		{6FECFA27-245A-433F-8DE2-491D68400FA7}.Release|Any CPU.Build.0 = Release|Any CPU
	EndGlobalSection
	GlobalSection(SolutionProperties) = preSolution
		HideSolutionNode = FALSE
	EndGlobalSection
	GlobalSection(ExtensibilityGlobals) = postSolution
		SolutionGuid = {D039CEFF-C58C-44C5-8105-093F4885B3D2}
	EndGlobalSection
EndGlobal
